
Microsoft Visual Studio Solution File, Format Version 12.00
# Visual Studio Version 17
VisualStudioVersion = 17.8.34330.188
MinimumVisualStudioVersion = 10.0.40219.1
Project("{FAE04EC0-301F-11D3-BF4B-00C04F79EFBC}") = "AppBayTask.MVC", "AppBayTask.MVC\AppBayTask.MVC.csproj", "{C2AE1FBE-EA9D-4D46-A0A2-5EC401A7FF3B}"
EndProject
Project("{FAE04EC0-301F-11D3-BF4B-00C04F79EFBC}") = "AppBayTask.DAL", "AppBayTask.DAL\AppBayTask.DAL.csproj", "{99F9F751-E4B7-4B36-99CC-7828726FF51F}"
EndProject
Project("{FAE04EC0-301F-11D3-BF4B-00C04F79EFBC}") = "AppBayTask.Business", "AppBayTask.Business\AppBayTask.Business.csproj", "{2AC59BFB-FEB3-45A5-96F0-A231CB25B595}"
EndProject
Project("{FAE04EC0-301F-11D3-BF4B-00C04F79EFBC}") = "AppBayTask.Core", "AppBayTask.Core\AppBayTask.Core.csproj", "{C2FEE632-8A02-4AAA-9D3E-902DD037EDC7}"
EndProject
Global
	GlobalSection(SolutionConfigurationPlatforms) = preSolution
		Debug|Any CPU = Debug|Any CPU
		Release|Any CPU = Release|Any CPU
	EndGlobalSection
	GlobalSection(ProjectConfigurationPlatforms) = postSolution
		{C2AE1FBE-EA9D-4D46-A0A2-5EC401A7FF3B}.Debug|Any CPU.ActiveCfg = Debug|Any CPU
		{C2AE1FBE-EA9D-4D46-A0A2-5EC401A7FF3B}.Debug|Any CPU.Build.0 = Debug|Any CPU
		{C2AE1FBE-EA9D-4D46-A0A2-5EC401A7FF3B}.Release|Any CPU.ActiveCfg = Release|Any CPU
		{C2AE1FBE-EA9D-4D46-A0A2-5EC401A7FF3B}.Release|Any CPU.Build.0 = Release|Any CPU
		{99F9F751-E4B7-4B36-99CC-7828726FF51F}.Debug|Any CPU.ActiveCfg = Debug|Any CPU
		{99F9F751-E4B7-4B36-99CC-7828726FF51F}.Debug|Any CPU.Build.0 = Debug|Any CPU
		{99F9F751-E4B7-4B36-99CC-7828726FF51F}.Release|Any CPU.ActiveCfg = Release|Any CPU
		{99F9F751-E4B7-4B36-99CC-7828726FF51F}.Release|Any CPU.Build.0 = Release|Any CPU
		{2AC59BFB-FEB3-45A5-96F0-A231CB25B595}.Debug|Any CPU.ActiveCfg = Debug|Any CPU
		{2AC59BFB-FEB3-45A5-96F0-A231CB25B595}.Debug|Any CPU.Build.0 = Debug|Any CPU
		{2AC59BFB-FEB3-45A5-96F0-A231CB25B595}.Release|Any CPU.ActiveCfg = Release|Any CPU
		{2AC59BFB-FEB3-45A5-96F0-A231CB25B595}.Release|Any CPU.Build.0 = Release|Any CPU
		{C2FEE632-8A02-4AAA-9D3E-902DD037EDC7}.Debug|Any CPU.ActiveCfg = Debug|Any CPU
		{C2FEE632-8A02-4AAA-9D3E-902DD037EDC7}.Debug|Any CPU.Build.0 = Debug|Any CPU
		{C2FEE632-8A02-4AAA-9D3E-902DD037EDC7}.Release|Any CPU.ActiveCfg = Release|Any CPU
		{C2FEE632-8A02-4AAA-9D3E-902DD037EDC7}.Release|Any CPU.Build.0 = Release|Any CPU
	EndGlobalSection
	GlobalSection(SolutionProperties) = preSolution
		HideSolutionNode = FALSE
	EndGlobalSection
	GlobalSection(ExtensibilityGlobals) = postSolution
		SolutionGuid = {0306C2DE-7A1C-4C06-B470-5239D8870409}
	EndGlobalSection
EndGlobal
